{
  "version": 1,
  "dependencies": {
    "net10.0": {
      "Microsoft.AspNetCore.SignalR.Client": {
        "type": "Direct",
        "requested": "[10.0.10, )",
        "resolved": "10.0.10",
        "contentHash": "g4MtTk+83S4phUGVvilHgKWa0gfX9qhnRQGIaeq7Kgz3MIAHkPt1h9XnlK3bRTPcsDVFuKhb7rKAtFvxl7NtDQ==",
        "dependencies": {
          "Microsoft.AspNetCore.Http.Connections.Client": "10.0.10",
          "Microsoft.AspNetCore.SignalR.Client.Core": "10.0.10"
        }
      },
      "MessagePack": {
        "type": "Transitive",
        "resolved": "2.5.302",
        "contentHash": "5DZsKli4dMEpm/glcMAheuO8/IesfaTskbfsuvgnQwWFKS5FN7Z6yNx+5F+UW94E+9N2qt8Zs63/XVzpLsElgA==",
        "dependencies": {
          "MessagePack.Annotations": "2.5.302",
          "Microsoft.NET.StringTools": "17.6.3"
        }
      },
      "MessagePack.Annotations": {
        "type": "Transitive",
        "resolved": "2.5.302",
        "contentHash": "PTHQHbMJzx1VtUUCpnvPavD7o5X9s2dAJ4uQHAP2kBCwJKICpPTZq0qxzbB4/6iJJiIxem8zlxyfldGAx1SjSQ=="
      },
      "Microsoft.AspNetCore.Connections.Abstractions": {
        "type": "Transitive",
        "resolved": "10.0.10",
        "contentHash": "oXFVxDMZeUSCVGRyZsZAIJIrKVNayMstMfBrNOkPWJvxePziwmTGfx3+HPlf5bnwYxt6oq/FKduCoTIXXMNf1A==",
        "dependencies": {
          "Microsoft.Extensions.Features": "10.0.10"
        }
      },
      "Microsoft.AspNetCore.Http.Connections.Client": {
        "type": "Transitive",
        "resolved": "10.0.10",
        "contentHash": "85adEQWKkB+d0fevCrToFlN99hhPfBPT7ZluCzrakxp8u63kKuA/5Wt9gRs0x6AMDOW6rOOJhh2TnCKlPeGq6g==",
        "dependencies": {
          "Microsoft.AspNetCore.Http.Connections.Common": "10.0.10",
          "Microsoft.Extensions.Logging.Abstractions": "10.0.10",
          "Microsoft.Extensions.Options": "10.0.10"
        }
      },
      "Microsoft.AspNetCore.Http.Connections.Common": {
        "type": "Transitive",
        "resolved": "10.0.10",
        "contentHash": "hPuO+G0LWlO3kQDispgYjJrj2J5D1n8QdLugnTM4Q51D+quliennt+bH6S87iOVhcsXI+ve2k0K0vd9VcHtnag==",
        "dependencies": {
          "Microsoft.AspNetCore.Connections.Abstractions": "10.0.10"
        }
      },
      "Microsoft.AspNetCore.SignalR.Client.Core": {
        "type": "Transitive",
        "resolved": "10.0.10",
        "contentHash": "1y+34HyOpeSUkkKKaQdXARnYtQLObre7GJoPK3TYbQJYe5GqXamL17WuEroX7EBDWzmTCylSc8QNMXXerGiirw==",
        "dependencies": {
          "Microsoft.AspNetCore.SignalR.Common": "10.0.10",
          "Microsoft.AspNetCore.SignalR.Protocols.Json": "10.0.10",
          "Microsoft.Extensions.DependencyInjection": "10.0.10",
          "Microsoft.Extensions.Logging": "10.0.10"
        }
      },
      "Microsoft.AspNetCore.SignalR.Common": {
        "type": "Transitive",
        "resolved": "10.0.10",
        "contentHash": "X0bTYSNXyLeOHbS4HbF1x4aXFUxgu35CyUgAuCJGpZcRz2wwftRbeJ6v17wlUm7Dzvbbo5Dvff5arwY2tDHYBg==",
        "dependencies": {
          "Microsoft.AspNetCore.Connections.Abstractions": "10.0.10",
          "Microsoft.Extensions.Options": "10.0.10"
        }
      },
      "Microsoft.AspNetCore.SignalR.Protocols.Json": {
        "type": "Transitive",
        "resolved": "10.0.10",
        "contentHash": "n/O6U+WCOurES0EmsMfd//S8QerLv1/n8tswbuH9s4JV45oM2xj0xXu+fSfIh+pzUD00MUh8PY7utlOWF53KWQ==",
        "dependencies": {
          "Microsoft.AspNetCore.SignalR.Common": "10.0.10"
        }
      },
      "Microsoft.AspNetCore.SignalR.Protocols.MessagePack": {
        "type": "Transitive",
        "resolved": "10.0.10",
        "contentHash": "45zHBTO1MdNZbgxuVSukryXkAl/u0+X+0rjAwuGzVK2adFmM8gprw+0D8p0WWhlAnXZFUjUtXSkdF5up1ekf6w==",
        "dependencies": {
          "MessagePack": "2.5.302",
          "Microsoft.AspNetCore.SignalR.Common": "10.0.10"
        }
      },
      "Microsoft.Data.Sqlite.Core": {
        "type": "Transitive",
        "resolved": "10.0.10",
        "contentHash": "TPCs0ldm7AWqcKmp6f/Xr+14sat7hx4rHfRlS4RgCURBH2thEWbAKEyX7cCWr63zVJVOJIJZTg2cBiUXa8ys6g==",
        "dependencies": {
          "SQLitePCLRaw.core": "2.1.11"
        }
      },
      "Microsoft.EntityFrameworkCore": {
        "type": "Transitive",
        "resolved": "10.0.10",
        "contentHash": "a0V7zj/VbYP6dTdWpUgE/r2PuLKtUGe2aJ0lVKkn/wP9ZhaxUz2kQydVfvOjCv2SKxlrqdBfHhPD4Cvlf+4ffA==",
        "dependencies": {
          "Microsoft.EntityFrameworkCore.Abstractions": "10.0.10",
          "Microsoft.EntityFrameworkCore.Analyzers": "10.0.10",
          "Microsoft.Extensions.Caching.Memory": "10.0.10",
          "Microsoft.Extensions.Logging": "10.0.10"
        }
      },
      "Microsoft.EntityFrameworkCore.Abstractions": {
        "type": "Transitive",
        "resolved": "10.0.10",
        "contentHash": "bOzrFCl6uZCjaSh2bG1ToRQRdx+iXvxosCg9hFyG9OWeAzOFI4xev9OqKeWfKf/kAHyox2JnbcvLVf2ceA7sqA=="
      },
      "Microsoft.EntityFrameworkCore.Analyzers": {
        "type": "Transitive",
        "resolved": "10.0.10",
        "contentHash": "2gLDordUCGf3aNOOuqtTbP5mxhiP9nk6TnvGiE3RnqT891O+Zf/qKu1PIREubs1M16A0SImr4vULBfU5BTDs1Q=="
      },
      "Microsoft.EntityFrameworkCore.Relational": {
        "type": "Transitive",
        "resolved": "10.0.10",
        "contentHash": "wNonj40aZxia+GtuBiiD6ZqVh4h6y5Nje1bGdmzZ8/ui0QRsAN+S0SIrLHFCEGbG9cDbeaE40sh+Lr7o9rRs6g==",
        "dependencies": {
          "Microsoft.EntityFrameworkCore": "10.0.10",
          "Microsoft.Extensions.Caching.Memory": "10.0.10",
          "Microsoft.Extensions.Configuration.Abstractions": "10.0.10",
          "Microsoft.Extensions.Logging": "10.0.10"
        }
      },
      "Microsoft.EntityFrameworkCore.Sqlite": {
        "type": "Transitive",
        "resolved": "10.0.10",
        "contentHash": "kzg9MuQNJvZQxAU+piSkEzc7/1tpW6n1nVSGGMObu2GgxLK8Nf+6fvZundaznTZ+O2KhfPZ8HFNCzMH3PWDUmA==",
        "dependencies": {
          "Microsoft.EntityFrameworkCore.Sqlite.Core": "10.0.10",
          "Microsoft.Extensions.Caching.Memory": "10.0.10",
          "Microsoft.Extensions.Configuration.Abstractions": "10.0.10",
          "Microsoft.Extensions.DependencyModel": "10.0.10",
          "Microsoft.Extensions.Logging": "10.0.10",
          "SQLitePCLRaw.bundle_e_sqlite3": "2.1.11",
          "SQLitePCLRaw.core": "2.1.11"
        }
      },
      "Microsoft.EntityFrameworkCore.Sqlite.Core": {
        "type": "Transitive",
        "resolved": "10.0.10",
        "contentHash": "YbVWMIouzwTKBiLms8boa7xeRT88wI14R1msv3XExFk9n0/sa8nU7MwDa1CKtfLGMJs7O7QWuS9/xhcQ72AD2A==",
        "dependencies": {
          "Microsoft.Data.Sqlite.Core": "10.0.10",
          "Microsoft.EntityFrameworkCore.Relational": "10.0.10",
          "Microsoft.Extensions.Caching.Memory": "10.0.10",
          "Microsoft.Extensions.Configuration.Abstractions": "10.0.10",
          "Microsoft.Extensions.DependencyModel": "10.0.10",
          "Microsoft.Extensions.Logging": "10.0.10",
          "SQLitePCLRaw.core": "2.1.11"
        }
      },
      "Microsoft.Extensions.Caching.Abstractions": {
        "type": "Transitive",
        "resolved": "10.0.10",
        "contentHash": "4ZFBNE+jzR+CrWWlhOesnmywCW7pYKT0dxyAQRdL11yJwxe4jvcAu31eorFtEkoFeCDcUTeNssgPv2yaRRptaQ==",
        "dependencies": {
          "Microsoft.Extensions.Primitives": "10.0.10"
        }
      },
      "Microsoft.Extensions.Caching.Memory": {
        "type": "Transitive",
        "resolved": "10.0.10",
        "contentHash": "N1w5H7uK6gCTnCBZAWzE0/EQYSPysij/uYwDqntqBVvBa6bjMmBKitsnEFd6yh/SX3wLm67nO6+OnZ84K+gZWg==",
        "dependencies": {
          "Microsoft.Extensions.Caching.Abstractions": "10.0.10",
          "Microsoft.Extensions.DependencyInjection.Abstractions": "10.0.10",
          "Microsoft.Extensions.Logging.Abstractions": "10.0.10",
          "Microsoft.Extensions.Options": "10.0.10",
          "Microsoft.Extensions.Primitives": "10.0.10"
        }
      },
      "Microsoft.Extensions.Configuration.Abstractions": {
        "type": "Transitive",
        "resolved": "10.0.10",
        "contentHash": "5Vnd2I75DmZCVEjSynIdJ/0EGafgnLQwgR3t2C2/fkjx/nRG+cLwxLLdInoHeCEpkD5K4Ov/g9ZCRYrl4TRsaA==",
        "dependencies": {
          "Microsoft.Extensions.Primitives": "10.0.10"
        }
      },
      "Microsoft.Extensions.DependencyInjection": {
        "type": "Transitive",
        "resolved": "10.0.10",
        "contentHash": "ANyvsgkNBRvcJh2XLgn8veGmajf+8m0AbKK+HPWdRL1yraSNVVSmQhFntLtdz/C795jxqqup+k05cs/3jZQPOA==",
        "dependencies": {
          "Microsoft.Extensions.DependencyInjection.Abstractions": "10.0.10"
        }
      },
      "Microsoft.Extensions.DependencyInjection.Abstractions": {
        "type": "Transitive",
        "resolved": "10.0.10",
        "contentHash": "z/2xXlFw2aLGjHyEm6E0tQ+In6VfzQzTrtArbQ2c0TQE16ZbyDCMGPvaUT9I0s8rgy9sRWlU2P9waW37qV04qA=="
      },
      "Microsoft.Extensions.DependencyModel": {
        "type": "Transitive",
        "resolved": "10.0.10",
        "contentHash": "rfZA1RjR021RPqSmIPovfz2aOd79TGqJ9BengbjnzIISOVwjLmuSDnhCMmiY/1c6iYvGolQ1iNGzkav0u11XEA=="
      },
      "Microsoft.Extensions.Features": {
        "type": "Transitive",
        "resolved": "10.0.10",
        "contentHash": "4Zdm7n1vxXAXpHOhGQVpGd5KCdcI1EWk66ilgdrDt2I+928ND+u/F+EVrzYi9pmRR+XeAE47kjuVEmkP0b0mBw=="
      },
      "Microsoft.Extensions.Logging": {
        "type": "Transitive",
        "resolved": "10.0.10",
        "contentHash": "Tf6z5HsL0VDYRTfvsoNrTGHGheCwkTsZBA2FFh5ATJUbkAwug+FFNISJK2gjpUNemlAOoWllAK52HOWCjto3EQ==",
        "dependencies": {
          "Microsoft.Extensions.DependencyInjection": "10.0.10",
          "Microsoft.Extensions.Logging.Abstractions": "10.0.10",
          "Microsoft.Extensions.Options": "10.0.10"
        }
      },
      "Microsoft.Extensions.Logging.Abstractions": {
        "type": "Transitive",
        "resolved": "10.0.10",
        "contentHash": "zkFxGYUvdxAvIKTyXHrmW+Sux53D4SezD9dMyZ6hrwwzPQJNuwCRy1f5W7AvYTqacEGhWF2XderRQG1OvbV8og==",
        "dependencies": {
          "Microsoft.Extensions.DependencyInjection.Abstractions": "10.0.10"
        }
      },
      "Microsoft.Extensions.Options": {
        "type": "Transitive",
        "resolved": "10.0.10",
        "contentHash": "srnhnk7nE8krBiIXp71LvBmKBtraBONWSRzdjJgRv1Ko9Mp8IVNqv4vIS9hGeVteBig8aQkva9ZG+sC+o5sVcA==",
        "dependencies": {
          "Microsoft.Extensions.DependencyInjection.Abstractions": "10.0.10",
          "Microsoft.Extensions.Primitives": "10.0.10"
        }
      },
      "Microsoft.Extensions.Primitives": {
        "type": "Transitive",
        "resolved": "10.0.10",
        "contentHash": "5wu/GrYVd8mG2DVUw3vFJzF+O336TyTGg/Kmcgw9bfwYhCoFiV5lR5QeEmKecJyrW4W54nMfD3p3589E8a7czQ=="
      },
      "Microsoft.NET.StringTools": {
        "type": "Transitive",
        "resolved": "17.6.3",
        "contentHash": "N0ZIanl1QCgvUumEL1laasU0a7sOE5ZwLZVTn0pAePnfhq8P7SvTjF8Axq+CnavuQkmdQpGNXQ1efZtu5kDFbA=="
      },
      "SQLite": {
        "type": "Transitive",
        "resolved": "3.53.4",
        "contentHash": "KN7jeWqgUPeBRe1FlcpZURzxomuKKEKHmBBQfg+Nx7NkY1LjKhzHvH+3ASkNvhayESE34nMBinL9CV21JfPRJw=="
      },
      "SQLitePCLRaw.bundle_e_sqlite3": {
        "type": "Transitive",
        "resolved": "3.0.5",
        "contentHash": "SW8iASIyWMrLzqabUHYQRvALhvD4ylSBsj4PgEVGwc36kQjc9xT5kSV/XQ9rU7nIpBWD+LPyX3Hlw5FzyUzGeQ==",
        "dependencies": {
          "SQLite": "3.53.4",
          "SQLitePCLRaw.config.e_sqlite3": "3.0.5"
        }
      },
      "SQLitePCLRaw.config.e_sqlite3": {
        "type": "Transitive",
        "resolved": "3.0.5",
        "contentHash": "aSk8WE5tF2MybESMgtZAEyMVCAWA0nBqOMc48HFoa9UoSdtm3goDXVzNRnefeKIwE6bV9NaNXptn1F9ReMQI0Q==",
        "dependencies": {
          "SQLitePCLRaw.provider.e_sqlite3": "3.0.5"
        }
      },
      "SQLitePCLRaw.core": {
        "type": "Transitive",
        "resolved": "3.0.5",
        "contentHash": "k81AYXXRCw3Zj8rOhyBoCsx/U97KYDFI2CSKr/ijl5BwpsW/hX/4kBiDmerFaoust8nxBwa0IHQFw8MmSHRtnQ=="
      },
      "SQLitePCLRaw.provider.e_sqlite3": {
        "type": "Transitive",
        "resolved": "3.0.5",
        "contentHash": "um8YSWduhhuskTG2bHfZrBqMNQOydfU8pcseT+cu5RivOGyoUbCrGXxgoRNTmRYw2VbMWnEZVVFcneZT/5dsBg==",
        "dependencies": {
          "SQLitePCLRaw.core": "3.0.5"
        }
      },
      "System.DirectoryServices.Protocols": {
        "type": "Transitive",
        "resolved": "10.0.10",
        "contentHash": "VQdfESaky3eXlvEuvtBndmZjOt65g+Ah6/0j39MPgPJ3gkbGuURlTFDRq0Y2uX64z5qVEVe1Ln6B4a06+vIzTQ=="
      },
      "keywars": {
        "type": "Project",
        "dependencies": {
          "Microsoft.AspNetCore.SignalR.Protocols.MessagePack": "[10.0.10, )",
          "Microsoft.EntityFrameworkCore.Sqlite": "[10.0.10, )",
          "SQLitePCLRaw.bundle_e_sqlite3": "[3.0.5, )",
          "System.DirectoryServices.Protocols": "[10.0.10, )"
        }
      }
    }
  }
}